
Microsoft Visual Studio Solution File, Format Version 12.00
# Visual Studio Version 17
VisualStudioVersion = 17.7.34024.191
MinimumVisualStudioVersion = 10.0.40219.1
Project("{9A19103F-16F7-4668-BE54-9A1E7A4F7556}") = "MethodOfOptimalSetPartitioning", "MethodOfOptimalSetPartitioning.csproj", "{A8280FDA-713E-4FD2-8782-7DF986FF724C}"
EndProject
Project("{9A19103F-16F7-4668-BE54-9A1E7A4F7556}") = "AppTaskOptimalSetPartitioning", "..\AppTaskOptimalSetPartitioning\AppTaskOptimalSetPartitioning.csproj", "{E9E2911E-0937-48A2-A3CA-B32DCF8F6A64}"
EndProject
Project("{2150E333-8FDC-42A3-9474-1A3956D46DE8}") = "Solution Items", "Solution Items", "{5FBEC0F7-186F-47E9-B7C1-856787BE1CBF}"
	ProjectSection(SolutionItems) = preProject
		.editorconfig = .editorconfig
	EndProjectSection
EndProject
Global
	GlobalSection(SolutionConfigurationPlatforms) = preSolution
		Debug|Any CPU = Debug|Any CPU
		Release|Any CPU = Release|Any CPU
	EndGlobalSection
	GlobalSection(ProjectConfigurationPlatforms) = postSolution
		{A8280FDA-713E-4FD2-8782-7DF986FF724C}.Debug|Any CPU.ActiveCfg = Debug|Any CPU
		{A8280FDA-713E-4FD2-8782-7DF986FF724C}.Debug|Any CPU.Build.0 = Debug|Any CPU
		{A8280FDA-713E-4FD2-8782-7DF986FF724C}.Release|Any CPU.ActiveCfg = Release|Any CPU
		{A8280FDA-713E-4FD2-8782-7DF986FF724C}.Release|Any CPU.Build.0 = Release|Any CPU
		{E9E2911E-0937-48A2-A3CA-B32DCF8F6A64}.Debug|Any CPU.ActiveCfg = Debug|Any CPU
		{E9E2911E-0937-48A2-A3CA-B32DCF8F6A64}.Debug|Any CPU.Build.0 = Debug|Any CPU
		{E9E2911E-0937-48A2-A3CA-B32DCF8F6A64}.Release|Any CPU.ActiveCfg = Release|Any CPU
		{E9E2911E-0937-48A2-A3CA-B32DCF8F6A64}.Release|Any CPU.Build.0 = Release|Any CPU
	EndGlobalSection
	GlobalSection(SolutionProperties) = preSolution
		HideSolutionNode = FALSE
	EndGlobalSection
	GlobalSection(ExtensibilityGlobals) = postSolution
		SolutionGuid = {C7605546-C14B-4C97-B279-075BE768B1E0}
	EndGlobalSection
EndGlobal
